DEPENDENCIES
  apt
  login_users
    path: site-cookbooks/login_users
  my_mysql
    path: site-cookbooks/my_mysql
  my_nginx
    path: site-cookbooks/my_nginx
  my_postfix
    path: site-cookbooks/my_postfix
  my_rbenv
    path: site-cookbooks/my_rbenv
  mysql
  nginx
  yum-epel

GRAPH
  apt (2.5.3)
  bluepill (2.3.1)
    rsyslog (>= 0.0.0)
  build-essential (2.0.6)
  login_users (0.1.0)
  my_mysql (0.1.0)
    mysql (>= 0.0.0)
  my_nginx (0.1.0)
    nginx (>= 0.0.0)
  my_postfix (0.1.0)
    postfix (>= 0.0.0)
  my_rbenv (0.1.0)
  mysql (5.4.4)
    yum-mysql-community (>= 0.0.0)
  nginx (2.7.4)
    apt (~> 2.2)
    bluepill (~> 2.3)
    build-essential (~> 2.0)
    ohai (~> 2.0)
    runit (~> 1.2)
    yum-epel (~> 0.3)
  ohai (2.0.1)
  postfix (3.5.0)
  rsyslog (1.12.2)
  runit (1.5.10)
    build-essential (>= 0.0.0)
    yum (~> 3.0)
    yum-epel (>= 0.0.0)
  yum (3.2.4)
  yum-epel (0.4.0)
    yum (~> 3.0)
  yum-mysql-community (0.1.10)
    yum (>= 3.0)
