DEPENDENCIES
  apt
  dstat
    path: site-cookbooks/dstat
  ffmpeg
  locale
  login_users
    path: site-cookbooks/login_users
  my_cron
    path: site-cookbooks/my_cron
  my_ffmpeg
    path: site-cookbooks/my_ffmpeg
  my_locale
    path: site-cookbooks/my_locale
  my_mysql
    path: site-cookbooks/my_mysql
  my_nginx
    path: site-cookbooks/my_nginx
  my_ntp
    path: site-cookbooks/my_ntp
  my_postfix
    path: site-cookbooks/my_postfix
  my_qt
    path: site-cookbooks/my_qt
  my_rbenv
    path: site-cookbooks/my_rbenv
  my_repo
    path: site-cookbooks/my_repo
  my_tz
    path: site-cookbooks/my_tz
  mysql
  nginx
  sudo (~> 2.7.0)
  timezone-ii
  yum-epel

GRAPH
  apt (2.5.3)
  bluepill (2.3.1)
    rsyslog (>= 0.0.0)
  build-essential (2.0.6)
  chef_handler (1.1.6)
  dmg (2.2.0)
  dstat (0.1.0)
  ffmpeg (0.4.3)
    build-essential (>= 0.0.0)
    git (>= 0.0.0)
    libvpx (>= 0.0.0)
    x264 (>= 0.0.0)
    yasm (>= 0.0.0)
  git (4.0.2)
    build-essential (>= 0.0.0)
    dmg (>= 0.0.0)
    runit (>= 1.0.0)
    windows (>= 0.0.0)
    yum (~> 3.0)
    yum-epel (>= 0.0.0)
  libvpx (1.0.1)
    build-essential (>= 0.0.0)
    git (>= 0.0.0)
    yasm (>= 0.0.0)
  locale (1.0.2)
  login_users (0.1.0)
    sudo (>= 0.0.0)
  my_cron (0.1.0)
  my_ffmpeg (0.1.0)
    ffmpeg (>= 0.0.0)
  my_locale (0.1.0)
    locale (>= 0.0.0)
  my_mysql (0.1.0)
    mysql (>= 0.0.0)
  my_nginx (0.1.0)
    nginx (>= 0.0.0)
  my_ntp (0.1.0)
  my_postfix (0.1.0)
    postfix (>= 0.0.0)
  my_qt (0.1.0)
  my_rbenv (0.1.0)
  my_repo (0.1.0)
    apt (>= 0.0.0)
    yum-epel (>= 0.0.0)
  my_tz (0.1.0)
    timezone-ii (>= 0.0.0)
  mysql (5.4.4)
    yum-mysql-community (>= 0.0.0)
  nginx (2.7.4)
    apt (~> 2.2)
    bluepill (~> 2.3)
    build-essential (~> 2.0)
    ohai (~> 2.0)
    runit (~> 1.2)
    yum-epel (~> 0.3)
  ohai (2.0.1)
  postfix (3.5.0)
  rsyslog (1.12.2)
  runit (1.5.10)
    build-essential (>= 0.0.0)
    yum (~> 3.0)
    yum-epel (>= 0.0.0)
  sudo (2.7.0)
  timezone-ii (0.2.0)
  windows (1.34.2)
    chef_handler (>= 0.0.0)
  x264 (0.5.1)
    build-essential (>= 0.0.0)
    git (>= 0.0.0)
    yasm (>= 0.0.0)
  yasm (1.0.0)
    build-essential (>= 0.0.0)
    git (>= 0.0.0)
  yum (3.2.4)
  yum-epel (0.4.0)
    yum (~> 3.0)
  yum-mysql-community (0.1.10)
    yum (>= 3.0)
